
Microsoft Visual Studio Solution File, Format Version 12.00
# Visual Studio Version 16
VisualStudioVersion = 16.0.32901.82
MinimumVisualStudioVersion = 10.0.40219.1
Project("{FAE04EC0-301F-11D3-BF4B-00C04F79EFBC}") = "Entities", "Entities\Entities.csproj", "{BB9189A1-8955-421F-A252-D8573555E603}"
EndProject
Project("{FAE04EC0-301F-11D3-BF4B-00C04F79EFBC}") = "DataAccess", "DataAccess\DataAccess.csproj", "{13004D55-EA50-43E6-BB1C-10D9EFC2A435}"
EndProject
Project("{FAE04EC0-301F-11D3-BF4B-00C04F79EFBC}") = "Business", "Business\Business.csproj", "{2382D203-DAEB-4D2C-AE50-8DDBDA0CAC84}"
EndProject
Project("{FAE04EC0-301F-11D3-BF4B-00C04F79EFBC}") = "Core", "Core\Core.csproj", "{D9794FA0-FA8E-4F24-A449-C3B68464C43E}"
EndProject
Project("{FAE04EC0-301F-11D3-BF4B-00C04F79EFBC}") = "WebAPIM", "WebAPIM\WebAPIM.csproj", "{075B9816-7C4C-4BC7-9E13-C91CE12F7F30}"
EndProject
Global
	GlobalSection(SolutionConfigurationPlatforms) = preSolution
		Debug|Any CPU = Debug|Any CPU
		Release|Any CPU = Release|Any CPU
	EndGlobalSection
	GlobalSection(ProjectConfigurationPlatforms) = postSolution
		{BB9189A1-8955-421F-A252-D8573555E603}.Debug|Any CPU.ActiveCfg = Debug|Any CPU
		{BB9189A1-8955-421F-A252-D8573555E603}.Debug|Any CPU.Build.0 = Debug|Any CPU
		{BB9189A1-8955-421F-A252-D8573555E603}.Release|Any CPU.ActiveCfg = Release|Any CPU
		{BB9189A1-8955-421F-A252-D8573555E603}.Release|Any CPU.Build.0 = Release|Any CPU
		{13004D55-EA50-43E6-BB1C-10D9EFC2A435}.Debug|Any CPU.ActiveCfg = Debug|Any CPU
		{13004D55-EA50-43E6-BB1C-10D9EFC2A435}.Debug|Any CPU.Build.0 = Debug|Any CPU
		{13004D55-EA50-43E6-BB1C-10D9EFC2A435}.Release|Any CPU.ActiveCfg = Release|Any CPU
		{13004D55-EA50-43E6-BB1C-10D9EFC2A435}.Release|Any CPU.Build.0 = Release|Any CPU
		{2382D203-DAEB-4D2C-AE50-8DDBDA0CAC84}.Debug|Any CPU.ActiveCfg = Debug|Any CPU
		{2382D203-DAEB-4D2C-AE50-8DDBDA0CAC84}.Debug|Any CPU.Build.0 = Debug|Any CPU
		{2382D203-DAEB-4D2C-AE50-8DDBDA0CAC84}.Release|Any CPU.ActiveCfg = Release|Any CPU
		{2382D203-DAEB-4D2C-AE50-8DDBDA0CAC84}.Release|Any CPU.Build.0 = Release|Any CPU
		{D9794FA0-FA8E-4F24-A449-C3B68464C43E}.Debug|Any CPU.ActiveCfg = Debug|Any CPU
		{D9794FA0-FA8E-4F24-A449-C3B68464C43E}.Debug|Any CPU.Build.0 = Debug|Any CPU
		{D9794FA0-FA8E-4F24-A449-C3B68464C43E}.Release|Any CPU.ActiveCfg = Release|Any CPU
		{D9794FA0-FA8E-4F24-A449-C3B68464C43E}.Release|Any CPU.Build.0 = Release|Any CPU
		{075B9816-7C4C-4BC7-9E13-C91CE12F7F30}.Debug|Any CPU.ActiveCfg = Debug|Any CPU
		{075B9816-7C4C-4BC7-9E13-C91CE12F7F30}.Debug|Any CPU.Build.0 = Debug|Any CPU
		{075B9816-7C4C-4BC7-9E13-C91CE12F7F30}.Release|Any CPU.ActiveCfg = Release|Any CPU
		{075B9816-7C4C-4BC7-9E13-C91CE12F7F30}.Release|Any CPU.Build.0 = Release|Any CPU
	EndGlobalSection
	GlobalSection(SolutionProperties) = preSolution
		HideSolutionNode = FALSE
	EndGlobalSection
	GlobalSection(ExtensibilityGlobals) = postSolution
		SolutionGuid = {6C19704F-A7C0-4013-9CDC-2C3C943BA0A9}
	EndGlobalSection
EndGlobal
